// !$*UTF8*$!
{
	archiveVersion = 1;
	classes = {
	};
	objectVersion = 55;
	objects = {

/* Begin PBXBuildFile section */
		491F7723295127EB00135A66 /* SnapKit in Frameworks */ = {isa = PBXBuildFile; productRef = 491F7722295127EB00135A66 /* SnapKit */; };
		491F772529512B0A00135A66 /* MainViewController.swift in Sources */ = {isa = PBXBuildFile; fileRef = 491F772429512B0A00135A66 /* MainViewController.swift */; };
		491F772729512C7900135A66 /* TaskView.swift in Sources */ = {isa = PBXBuildFile; fileRef = 491F772629512C7900135A66 /* TaskView.swift */; };
		491F772A29512FFE00135A66 /* RxCocoa in Frameworks */ = {isa = PBXBuildFile; productRef = 491F772929512FFE00135A66 /* RxCocoa */; };
		491F772C29512FFE00135A66 /* RxSwift in Frameworks */ = {isa = PBXBuildFile; productRef = 491F772B29512FFE00135A66 /* RxSwift */; };
		491F773129513CAC00135A66 /* TaskCollectionViewCell.swift in Sources */ = {isa = PBXBuildFile; fileRef = 491F773029513CAC00135A66 /* TaskCollectionViewCell.swift */; };
		491F77332951455400135A66 /* TaskModel.swift in Sources */ = {isa = PBXBuildFile; fileRef = 491F77322951455400135A66 /* TaskModel.swift */; };
		491F7736295170EA00135A66 /* NotificationManager.swift in Sources */ = {isa = PBXBuildFile; fileRef = 491F7735295170EA00135A66 /* NotificationManager.swift */; };
		4999574F2951261200B056A1 /* AppDelegate.swift in Sources */ = {isa = PBXBuildFile; fileRef = 4999574E2951261200B056A1 /* AppDelegate.swift */; };
		499957512951261200B056A1 /* SceneDelegate.swift in Sources */ = {isa = PBXBuildFile; fileRef = 499957502951261200B056A1 /* SceneDelegate.swift */; };
		499957532951261200B056A1 /* ViewController.swift in Sources */ = {isa = PBXBuildFile; fileRef = 499957522951261200B056A1 /* ViewController.swift */; };
		499957582951261500B056A1 /* Assets.xcassets in Resources */ = {isa = PBXBuildFile; fileRef = 499957572951261500B056A1 /* Assets.xcassets */; };
		4999575B2951261500B056A1 /* LaunchScreen.storyboard in Resources */ = {isa = PBXBuildFile; fileRef = 499957592951261500B056A1 /* LaunchScreen.storyboard */; };
/* End PBXBuildFile section */

/* Begin PBXFileReference section */
		491F772429512B0A00135A66 /* MainViewController.swift */ = {isa = PBXFileReference; lastKnownFileType = sourcecode.swift; path = MainViewController.swift; sourceTree = "<group>"; };
		491F772629512C7900135A66 /* TaskView.swift */ = {isa = PBXFileReference; lastKnownFileType = sourcecode.swift; path = TaskView.swift; sourceTree = "<group>"; };
		491F773029513CAC00135A66 /* TaskCollectionViewCell.swift */ = {isa = PBXFileReference; lastKnownFileType = sourcecode.swift; path = TaskCollectionViewCell.swift; sourceTree = "<group>"; };
		491F77322951455400135A66 /* TaskModel.swift */ = {isa = PBXFileReference; lastKnownFileType = sourcecode.swift; path = TaskModel.swift; sourceTree = "<group>"; };
		491F7735295170EA00135A66 /* NotificationManager.swift */ = {isa = PBXFileReference; lastKnownFileType = sourcecode.swift; path = NotificationManager.swift; sourceTree = "<group>"; };
		4999574B2951261200B056A1 /* NotificationTest.app */ = {isa = PBXFileReference; explicitFileType = wrapper.application; includeInIndex = 0; path = NotificationTest.app; sourceTree = BUILT_PRODUCTS_DIR; };
		4999574E2951261200B056A1 /* AppDelegate.swift */ = {isa = PBXFileReference; lastKnownFileType = sourcecode.swift; path = AppDelegate.swift; sourceTree = "<group>"; };
		499957502951261200B056A1 /* SceneDelegate.swift */ = {isa = PBXFileReference; lastKnownFileType = sourcecode.swift; path = SceneDelegate.swift; sourceTree = "<group>"; };
		499957522951261200B056A1 /* ViewController.swift */ = {isa = PBXFileReference; lastKnownFileType = sourcecode.swift; path = ViewController.swift; sourceTree = "<group>"; };
		499957572951261500B056A1 /* Assets.xcassets */ = {isa = PBXFileReference; lastKnownFileType = folder.assetcatalog; path = Assets.xcassets; sourceTree = "<group>"; };
		4999575A2951261500B056A1 /* Base */ = {isa = PBXFileReference; lastKnownFileType = file.storyboard; name = Base; path = Base.lproj/LaunchScreen.storyboard; sourceTree = "<group>"; };
		4999575C2951261500B056A1 /* Info.plist */ = {isa = PBXFileReference; lastKnownFileType = text.plist.xml; path = Info.plist; sourceTree = "<group>"; };
/* End PBXFileReference section */

/* Begin PBXFrameworksBuildPhase section */
		499957482951261200B056A1 /* Frameworks */ = {
			isa = PBXFrameworksBuildPhase;
			buildActionMask = 2147483647;
			files = (
				491F772C29512FFE00135A66 /* RxSwift in Frameworks */,
				491F772A29512FFE00135A66 /* RxCocoa in Frameworks */,
				491F7723295127EB00135A66 /* SnapKit in Frameworks */,
			);
			runOnlyForDeploymentPostprocessing = 0;
		};
/* End PBXFrameworksBuildPhase section */

/* Begin PBXGroup section */
		491F772D29513C4100135A66 /* Scene */ = {
			isa = PBXGroup;
			children = (
				499957522951261200B056A1 /* ViewController.swift */,
				491F772F29513C6300135A66 /* MainView */,
			);
			path = Scene;
			sourceTree = "<group>";
		};
		491F772E29513C5000135A66 /* Delegate */ = {
			isa = PBXGroup;
			children = (
				4999574E2951261200B056A1 /* AppDelegate.swift */,
				499957502951261200B056A1 /* SceneDelegate.swift */,
			);
			path = Delegate;
			sourceTree = "<group>";
		};
		491F772F29513C6300135A66 /* MainView */ = {
			isa = PBXGroup;
			children = (
				491F772429512B0A00135A66 /* MainViewController.swift */,
				491F772629512C7900135A66 /* TaskView.swift */,
				491F773029513CAC00135A66 /* TaskCollectionViewCell.swift */,
			);
			path = MainView;
			sourceTree = "<group>";
		};
		491F773429515ED400135A66 /* Model */ = {
			isa = PBXGroup;
			children = (
				491F77322951455400135A66 /* TaskModel.swift */,
			);
			path = Model;
			sourceTree = "<group>";
		};
		499957422951261200B056A1 = {
			isa = PBXGroup;
			children = (
				4999574D2951261200B056A1 /* NotificationTest */,
				4999574C2951261200B056A1 /* Products */,
			);
			sourceTree = "<group>";
		};
		4999574C2951261200B056A1 /* Products */ = {
			isa = PBXGroup;
			children = (
				4999574B2951261200B056A1 /* NotificationTest.app */,
			);
			name = Products;
			sourceTree = "<group>";
		};
		4999574D2951261200B056A1 /* NotificationTest */ = {
			isa = PBXGroup;
			children = (
				491F772E29513C5000135A66 /* Delegate */,
				491F772D29513C4100135A66 /* Scene */,
				491F773429515ED400135A66 /* Model */,
				499957572951261500B056A1 /* Assets.xcassets */,
				499957592951261500B056A1 /* LaunchScreen.storyboard */,
				4999575C2951261500B056A1 /* Info.plist */,
				491F7735295170EA00135A66 /* NotificationManager.swift */,
			);
			path = NotificationTest;
			sourceTree = "<group>";
		};
/* End PBXGroup section */

/* Begin PBXNativeTarget section */
		4999574A2951261200B056A1 /* NotificationTest */ = {
			isa = PBXNativeTarget;
			buildConfigurationList = 4999575F2951261500B056A1 /* Build configuration list for PBXNativeTarget "NotificationTest" */;
			buildPhases = (
				499957472951261200B056A1 /* Sources */,
				499957482951261200B056A1 /* Frameworks */,
				499957492951261200B056A1 /* Resources */,
			);
			buildRules = (
			);
			dependencies = (
			);
			name = NotificationTest;
			packageProductDependencies = (
				491F7722295127EB00135A66 /* SnapKit */,
				491F772929512FFE00135A66 /* RxCocoa */,
				491F772B29512FFE00135A66 /* RxSwift */,
			);
			productName = NotificationTest;
			productReference = 4999574B2951261200B056A1 /* NotificationTest.app */;
			productType = "com.apple.product-type.application";
		};
/* End PBXNativeTarget section */

/* Begin PBXProject section */
		499957432951261200B056A1 /* Project object */ = {
			isa = PBXProject;
			attributes = {
				BuildIndependentTargetsInParallel = 1;
				LastSwiftUpdateCheck = 1340;
				LastUpgradeCheck = 1340;
				TargetAttributes = {
					4999574A2951261200B056A1 = {
						CreatedOnToolsVersion = 13.4.1;
					};
				};
			};
			buildConfigurationList = 499957462951261200B056A1 /* Build configuration list for PBXProject "NotificationTest" */;
			compatibilityVersion = "Xcode 13.0";
			developmentRegion = en;
			hasScannedForEncodings = 0;
			knownRegions = (
				en,
				Base,
			);
			mainGroup = 499957422951261200B056A1;
			packageReferences = (
				491F7721295127EB00135A66 /* XCRemoteSwiftPackageReference "SnapKit" */,
				491F772829512FFE00135A66 /* XCRemoteSwiftPackageReference "RxSwift" */,
			);
			productRefGroup = 4999574C2951261200B056A1 /* Products */;
			projectDirPath = "";
			projectRoot = "";
			targets = (
				4999574A2951261200B056A1 /* NotificationTest */,
			);
		};
/* End PBXProject section */

/* Begin PBXResourcesBuildPhase section */
		499957492951261200B056A1 /* Resources */ = {
			isa = PBXResourcesBuildPhase;
			buildActionMask = 2147483647;
			files = (
				4999575B2951261500B056A1 /* LaunchScreen.storyboard in Resources */,
				499957582951261500B056A1 /* Assets.xcassets in Resources */,
			);
			runOnlyForDeploymentPostprocessing = 0;
		};
/* End PBXResourcesBuildPhase section */

/* Begin PBXSourcesBuildPhase section */
		499957472951261200B056A1 /* Sources */ = {
			isa = PBXSourcesBuildPhase;
			buildActionMask = 2147483647;
			files = (
				499957532951261200B056A1 /* ViewController.swift in Sources */,
				4999574F2951261200B056A1 /* AppDelegate.swift in Sources */,
				499957512951261200B056A1 /* SceneDelegate.swift in Sources */,
				491F773129513CAC00135A66 /* TaskCollectionViewCell.swift in Sources */,
				491F772729512C7900135A66 /* TaskView.swift in Sources */,
				491F772529512B0A00135A66 /* MainViewController.swift in Sources */,
				491F7736295170EA00135A66 /* NotificationManager.swift in Sources */,
				491F77332951455400135A66 /* TaskModel.swift in Sources */,
			);
			runOnlyForDeploymentPostprocessing = 0;
		};
/* End PBXSourcesBuildPhase section */

/* Begin PBXVariantGroup section */
		499957592951261500B056A1 /* LaunchScreen.storyboard */ = {
			isa = PBXVariantGroup;
			children = (
				4999575A2951261500B056A1 /* Base */,
			);
			name = LaunchScreen.storyboard;
			sourceTree = "<group>";
		};
/* End PBXVariantGroup section */

/* Begin XCBuildConfiguration section */
		4999575D2951261500B056A1 /* Debug */ = {
			isa = XCBuildConfiguration;
			buildSettings = {
				ALWAYS_SEARCH_USER_PATHS = NO;
				CLANG_ANALYZER_NONNULL = YES;
				CLANG_ANALYZER_NUMBER_OBJECT_CONVERSION = YES_AGGRESSIVE;
				CLANG_CXX_LANGUAGE_STANDARD = "gnu++17";
				CLANG_ENABLE_MODULES = YES;
				CLANG_ENABLE_OBJC_ARC = YES;
				CLANG_ENABLE_OBJC_WEAK = YES;
				CLANG_WARN_BLOCK_CAPTURE_AUTORELEASING = YES;
				CLANG_WARN_BOOL_CONVERSION = YES;
				CLANG_WARN_COMMA = YES;
				CLANG_WARN_CONSTANT_CONVERSION = YES;
				CLANG_WARN_DEPRECATED_OBJC_IMPLEMENTATIONS = YES;
				CLANG_WARN_DIRECT_OBJC_ISA_USAGE = YES_ERROR;
				CLANG_WARN_DOCUMENTATION_COMMENTS = YES;
				CLANG_WARN_EMPTY_BODY = YES;
				CLANG_WARN_ENUM_CONVERSION = YES;
				CLANG_WARN_INFINITE_RECURSION = YES;
				CLANG_WARN_INT_CONVERSION = YES;
				CLANG_WARN_NON_LITERAL_NULL_CONVERSION = YES;
				CLANG_WARN_OBJC_IMPLICIT_RETAIN_SELF = YES;
				CLANG_WARN_OBJC_LITERAL_CONVERSION = YES;
				CLANG_WARN_OBJC_ROOT_CLASS = YES_ERROR;
				CLANG_WARN_QUOTED_INCLUDE_IN_FRAMEWORK_HEADER = YES;
				CLANG_WARN_RANGE_LOOP_ANALYSIS = YES;
				CLANG_WARN_STRICT_PROTOTYPES = YES;
				CLANG_WARN_SUSPICIOUS_MOVE = YES;
				CLANG_WARN_UNGUARDED_AVAILABILITY = YES_AGGRESSIVE;
				CLANG_WARN_UNREACHABLE_CODE = YES;
				CLANG_WARN__DUPLICATE_METHOD_MATCH = YES;
				COPY_PHASE_STRIP = NO;
				DEBUG_INFORMATION_FORMAT = dwarf;
				ENABLE_STRICT_OBJC_MSGSEND = YES;
				ENABLE_TESTABILITY = YES;
				GCC_C_LANGUAGE_STANDARD = gnu11;
				GCC_DYNAMIC_NO_PIC = NO;
				GCC_NO_COMMON_BLOCKS = YES;
				GCC_OPTIMIZATION_LEVEL = 0;
				GCC_PREPROCESSOR_DEFINITIONS = (
					"DEBUG=1",
					"$(inherited)",
				);
				GCC_WARN_64_TO_32_BIT_CONVERSION = YES;
				GCC_WARN_ABOUT_RETURN_TYPE = YES_ERROR;
				GCC_WARN_UNDECLARED_SELECTOR = YES;
				GCC_WARN_UNINITIALIZED_AUTOS = YES_AGGRESSIVE;
				GCC_WARN_UNUSED_FUNCTION = YES;
				GCC_WARN_UNUSED_VARIABLE = YES;
				IPHONEOS_DEPLOYMENT_TARGET = 15.5;
				MTL_ENABLE_DEBUG_INFO = INCLUDE_SOURCE;
				MTL_FAST_MATH = YES;
				ONLY_ACTIVE_ARCH = YES;
				SDKROOT = iphoneos;
				SWIFT_ACTIVE_COMPILATION_CONDITIONS = DEBUG;
				SWIFT_OPTIMIZATION_LEVEL = "-Onone";
			};
			name = Debug;
		};
		4999575E2951261500B056A1 /* Release */ = {
			isa = XCBuildConfiguration;
			buildSettings = {
				ALWAYS_SEARCH_USER_PATHS = NO;
				CLANG_ANALYZER_NONNULL = YES;
				CLANG_ANALYZER_NUMBER_OBJECT_CONVERSION = YES_AGGRESSIVE;
				CLANG_CXX_LANGUAGE_STANDARD = "gnu++17";
				CLANG_ENABLE_MODULES = YES;
				CLANG_ENABLE_OBJC_ARC = YES;
				CLANG_ENABLE_OBJC_WEAK = YES;
				CLANG_WARN_BLOCK_CAPTURE_AUTORELEASING = YES;
				CLANG_WARN_BOOL_CONVERSION = YES;
				CLANG_WARN_COMMA = YES;
				CLANG_WARN_CONSTANT_CONVERSION = YES;
				CLANG_WARN_DEPRECATED_OBJC_IMPLEMENTATIONS = YES;
				CLANG_WARN_DIRECT_OBJC_ISA_USAGE = YES_ERROR;
				CLANG_WARN_DOCUMENTATION_COMMENTS = YES;
				CLANG_WARN_EMPTY_BODY = YES;
				CLANG_WARN_ENUM_CONVERSION = YES;
				CLANG_WARN_INFINITE_RECURSION = YES;
				CLANG_WARN_INT_CONVERSION = YES;
				CLANG_WARN_NON_LITERAL_NULL_CONVERSION = YES;
				CLANG_WARN_OBJC_IMPLICIT_RETAIN_SELF = YES;
				CLANG_WARN_OBJC_LITERAL_CONVERSION = YES;
				CLANG_WARN_OBJC_ROOT_CLASS = YES_ERROR;
				CLANG_WARN_QUOTED_INCLUDE_IN_FRAMEWORK_HEADER = YES;
				CLANG_WARN_RANGE_LOOP_ANALYSIS = YES;
				CLANG_WARN_STRICT_PROTOTYPES = YES;
				CLANG_WARN_SUSPICIOUS_MOVE = YES;
				CLANG_WARN_UNGUARDED_AVAILABILITY = YES_AGGRESSIVE;
				CLANG_WARN_UNREACHABLE_CODE = YES;
				CLANG_WARN__DUPLICATE_METHOD_MATCH = YES;
				COPY_PHASE_STRIP = NO;
				DEBUG_INFORMATION_FORMAT = "dwarf-with-dsym";
				ENABLE_NS_ASSERTIONS = NO;
				ENABLE_STRICT_OBJC_MSGSEND = YES;
				GCC_C_LANGUAGE_STANDARD = gnu11;
				GCC_NO_COMMON_BLOCKS = YES;
				GCC_WARN_64_TO_32_BIT_CONVERSION = YES;
				GCC_WARN_ABOUT_RETURN_TYPE = YES_ERROR;
				GCC_WARN_UNDECLARED_SELECTOR = YES;
				GCC_WARN_UNINITIALIZED_AUTOS = YES_AGGRESSIVE;
				GCC_WARN_UNUSED_FUNCTION = YES;
				GCC_WARN_UNUSED_VARIABLE = YES;
				IPHONEOS_DEPLOYMENT_TARGET = 15.5;
				MTL_ENABLE_DEBUG_INFO = NO;
				MTL_FAST_MATH = YES;
				SDKROOT = iphoneos;
				SWIFT_COMPILATION_MODE = wholemodule;
				SWIFT_OPTIMIZATION_LEVEL = "-O";
				VALIDATE_PRODUCT = YES;
			};
			name = Release;
		};
		499957602951261500B056A1 /* Debug */ = {
			isa = XCBuildConfiguration;
			buildSettings = {
				ASSETCATALOG_COMPILER_APPICON_NAME = AppIcon;
				ASSETCATALOG_COMPILER_GLOBAL_ACCENT_COLOR_NAME = AccentColor;
				CODE_SIGN_STYLE = Automatic;
				CURRENT_PROJECT_VERSION = 1;
				DEVELOPMENT_TEAM = HDFLLXK789;
				GENERATE_INFOPLIST_FILE = YES;
				INFOPLIST_FILE = NotificationTest/Info.plist;
				INFOPLIST_KEY_UIApplicationSupportsIndirectInputEvents = YES;
				INFOPLIST_KEY_UILaunchStoryboardName = LaunchScreen;
				INFOPLIST_KEY_UIMainStoryboardFile = "";
				INFOPLIST_KEY_UISupportedInterfaceOrientations_iPad = "UIInterfaceOrientationPortrait UIInterfaceOrientationPortraitUpsideDown UIInterfaceOrientationLandscapeLeft UIInterfaceOrientationLandscapeRight";
				INFOPLIST_KEY_UISupportedInterfaceOrientations_iPhone = "UIInterfaceOrientationPortrait UIInterfaceOrientationLandscapeLeft UIInterfaceOrientationLandscapeRight";
				LD_RUNPATH_SEARCH_PATHS = (
					"$(inherited)",
					"@executable_path/Frameworks",
				);
				MARKETING_VERSION = 1.0;
				PRODUCT_BUNDLE_IDENTIFIER = com.ycompany.NotificationTest;
				PRODUCT_NAME = "$(TARGET_NAME)";
				SWIFT_EMIT_LOC_STRINGS = YES;
				SWIFT_VERSION = 5.0;
				TARGETED_DEVICE_FAMILY = "1,2";
			};
			name = Debug;
		};
		499957612951261500B056A1 /* Release */ = {
			isa = XCBuildConfiguration;
			buildSettings = {
				ASSETCATALOG_COMPILER_APPICON_NAME = AppIcon;
				ASSETCATALOG_COMPILER_GLOBAL_ACCENT_COLOR_NAME = AccentColor;
				CODE_SIGN_STYLE = Automatic;
				CURRENT_PROJECT_VERSION = 1;
				DEVELOPMENT_TEAM = HDFLLXK789;
				GENERATE_INFOPLIST_FILE = YES;
				INFOPLIST_FILE = NotificationTest/Info.plist;
				INFOPLIST_KEY_UIApplicationSupportsIndirectInputEvents = YES;
				INFOPLIST_KEY_UILaunchStoryboardName = LaunchScreen;
				INFOPLIST_KEY_UIMainStoryboardFile = "";
				INFOPLIST_KEY_UISupportedInterfaceOrientations_iPad = "UIInterfaceOrientationPortrait UIInterfaceOrientationPortraitUpsideDown UIInterfaceOrientationLandscapeLeft UIInterfaceOrientationLandscapeRight";
				INFOPLIST_KEY_UISupportedInterfaceOrientations_iPhone = "UIInterfaceOrientationPortrait UIInterfaceOrientationLandscapeLeft UIInterfaceOrientationLandscapeRight";
				LD_RUNPATH_SEARCH_PATHS = (
					"$(inherited)",
					"@executable_path/Frameworks",
				);
				MARKETING_VERSION = 1.0;
				PRODUCT_BUNDLE_IDENTIFIER = com.ycompany.NotificationTest;
				PRODUCT_NAME = "$(TARGET_NAME)";
				SWIFT_EMIT_LOC_STRINGS = YES;
				SWIFT_VERSION = 5.0;
				TARGETED_DEVICE_FAMILY = "1,2";
			};
			name = Release;
		};
/* End XCBuildConfiguration section */

/* Begin XCConfigurationList section */
		499957462951261200B056A1 /* Build configuration list for PBXProject "NotificationTest" */ = {
			isa = XCConfigurationList;
			buildConfigurations = (
				4999575D2951261500B056A1 /* Debug */,
				4999575E2951261500B056A1 /* Release */,
			);
			defaultConfigurationIsVisible = 0;
			defaultConfigurationName = Release;
		};
		4999575F2951261500B056A1 /* Build configuration list for PBXNativeTarget "NotificationTest" */ = {
			isa = XCConfigurationList;
			buildConfigurations = (
				499957602951261500B056A1 /* Debug */,
				499957612951261500B056A1 /* Release */,
			);
			defaultConfigurationIsVisible = 0;
			defaultConfigurationName = Release;
		};
/* End XCConfigurationList section */

/* Begin XCRemoteSwiftPackageReference section */
		491F7721295127EB00135A66 /* XCRemoteSwiftPackageReference "SnapKit" */ = {
			isa = XCRemoteSwiftPackageReference;
			repositoryURL = "https://github.com/SnapKit/SnapKit.git";
			requirement = {
				branch = develop;
				kind = branch;
			};
		};
		491F772829512FFE00135A66 /* XCRemoteSwiftPackageReference "RxSwift" */ = {
			isa = XCRemoteSwiftPackageReference;
			repositoryURL = "https://github.com/ReactiveX/RxSwift.git";
			requirement = {
				kind = upToNextMajorVersion;
				minimumVersion = 6.0.0;
			};
		};
/* End XCRemoteSwiftPackageReference section */

/* Begin XCSwiftPackageProductDependency section */
		491F7722295127EB00135A66 /* SnapKit */ = {
			isa = XCSwiftPackageProductDependency;
			package = 491F7721295127EB00135A66 /* XCRemoteSwiftPackageReference "SnapKit" */;
			productName = SnapKit;
		};
		491F772929512FFE00135A66 /* RxCocoa */ = {
			isa = XCSwiftPackageProductDependency;
			package = 491F772829512FFE00135A66 /* XCRemoteSwiftPackageReference "RxSwift" */;
			productName = RxCocoa;
		};
		491F772B29512FFE00135A66 /* RxSwift */ = {
			isa = XCSwiftPackageProductDependency;
			package = 491F772829512FFE00135A66 /* XCRemoteSwiftPackageReference "RxSwift" */;
			productName = RxSwift;
		};
/* End XCSwiftPackageProductDependency section */
	};
	rootObject = 499957432951261200B056A1 /* Project object */;
}
